
Microsoft Visual Studio Solution File, Format Version 12.00
# Visual Studio Version 16
VisualStudioVersion = 16.0.31911.196
MinimumVisualStudioVersion = 10.0.40219.1
Project("{FAE04EC0-301F-11D3-BF4B-00C04F79EFBC}") = "Ierarxiya", "Ierarxiya\Ierarxiya.csproj", "{ED204FFD-CCC8-4B37-B410-FEE455CC5D52}"
EndProject
Global
	GlobalSection(SolutionConfigurationPlatforms) = preSolution
		Debug|Any CPU = Debug|Any CPU
		Release|Any CPU = Release|Any CPU
	EndGlobalSection
	GlobalSection(ProjectConfigurationPlatforms) = postSolution
		{ED204FFD-CCC8-4B37-B410-FEE455CC5D52}.Debug|Any CPU.ActiveCfg = Debug|Any CPU
		{ED204FFD-CCC8-4B37-B410-FEE455CC5D52}.Debug|Any CPU.Build.0 = Debug|Any CPU
		{ED204FFD-CCC8-4B37-B410-FEE455CC5D52}.Release|Any CPU.ActiveCfg = Release|Any CPU
		{ED204FFD-CCC8-4B37-B410-FEE455CC5D52}.Release|Any CPU.Build.0 = Release|Any CPU
	EndGlobalSection
	GlobalSection(SolutionProperties) = preSolution
		HideSolutionNode = FALSE
	EndGlobalSection
	GlobalSection(ExtensibilityGlobals) = postSolution
		SolutionGuid = {43315087-C634-4F31-A356-87FFDB2536FC}
	EndGlobalSection
EndGlobal
