
Microsoft Visual Studio Solution File, Format Version 12.00
# Visual Studio Version 16
VisualStudioVersion = 16.0.31911.196
MinimumVisualStudioVersion = 10.0.40219.1
Project("{FAE04EC0-301F-11D3-BF4B-00C04F79EFBC}") = "CheckAccount", "CheckAccount\CheckAccount.csproj", "{1DA4569B-F31F-487E-88A1-68B91CA99B5A}"
EndProject
Global
	GlobalSection(SolutionConfigurationPlatforms) = preSolution
		Debug|Any CPU = Debug|Any CPU
		Release|Any CPU = Release|Any CPU
	EndGlobalSection
	GlobalSection(ProjectConfigurationPlatforms) = postSolution
		{1DA4569B-F31F-487E-88A1-68B91CA99B5A}.Debug|Any CPU.ActiveCfg = Debug|Any CPU
		{1DA4569B-F31F-487E-88A1-68B91CA99B5A}.Debug|Any CPU.Build.0 = Debug|Any CPU
		{1DA4569B-F31F-487E-88A1-68B91CA99B5A}.Release|Any CPU.ActiveCfg = Release|Any CPU
		{1DA4569B-F31F-487E-88A1-68B91CA99B5A}.Release|Any CPU.Build.0 = Release|Any CPU
	EndGlobalSection
	GlobalSection(SolutionProperties) = preSolution
		HideSolutionNode = FALSE
	EndGlobalSection
	GlobalSection(ExtensibilityGlobals) = postSolution
		SolutionGuid = {16BDE858-4EB4-456A-8646-7446B96329B3}
	EndGlobalSection
EndGlobal
